# jlink runtime module set per edition = jdeps(staged jars) UNION tools/jlink-runtime-extra.txt.
# Refresh: node tools/jlink-modules.mjs --edition <e> --staged-dir <bundle dir> --write-lock

[Professional]
java.base
java.compiler
java.desktop
java.management
java.naming
java.net.http
java.scripting
java.security.jgss
java.security.sasl
java.sql
jdk.crypto.ec
jdk.httpserver
jdk.jfr
jdk.management
jdk.unsupported
jdk.zipfs

[Enterprise]
java.base
java.compiler
java.desktop
java.management
java.naming
java.net.http
java.scripting
java.security.jgss
java.security.sasl
java.sql
jdk.crypto.ec
jdk.httpserver
jdk.jfr
jdk.management
jdk.unsupported
jdk.zipfs
